{
  "originHash" : "856d026d52b5968acef0e729eea80ae671c1b65ada44065becc4a2b15374df68",
  "pins" : [
    {
      "identity" : "sill",
      "kind" : "remoteSourceControl",
      "location" : "https://github.com/akira-toriyama/sill",
      "state" : {
        "revision" : "0a99a8ca9a093f6de6e9b88a9ecc9b1e226567d6",
        "version" : "1.26.0"
      }
    },
    {
      "identity" : "swift-toml-edit",
      "kind" : "remoteSourceControl",
      "location" : "https://github.com/akira-toriyama/swift-toml-edit",
      "state" : {
        "revision" : "c29736ec0f6ccf9ba18f537a5b3d1e24f691106b",
        "version" : "1.0.0"
      }
    },
    {
      "identity" : "swiftdraw",
      "kind" : "remoteSourceControl",
      "location" : "https://github.com/swhitty/SwiftDraw.git",
      "state" : {
        "revision" : "dbb4ef98824053ead8c83fa866c2c6054fb41809",
        "version" : "0.24.0"
      }
    }
  ],
  "version" : 3
}
