{
  "originHash" : "bf27641b275f3301a493bb5c802f7e0233d9f32f6d582395fe1732034f839cbd",
  "pins" : [
    {
      "identity" : "sill",
      "kind" : "remoteSourceControl",
      "location" : "https://github.com/akira-toriyama/sill",
      "state" : {
        "revision" : "9c622365af7aad277ef2018fd94fa5eb31bfe313",
        "version" : "0.8.0"
      }
    }
  ],
  "version" : 3
}
